
Microsoft Visual Studio Solution File, Format Version 12.00
# Visual Studio Version 17
VisualStudioVersion = 17.4.33205.214
MinimumVisualStudioVersion = 10.0.40219.1
Project("{2150E333-8FDC-42A3-9474-1A3956D46DE8}") = "src", "src", "{F0024330-8EAB-49E0-946A-F8B029067D3C}"
EndProject
Project("{2150E333-8FDC-42A3-9474-1A3956D46DE8}") = "Building Blocks", "Building Blocks", "{0948EE62-7B0E-4386-B41E-AB206C22D885}"
EndProject
Project("{2150E333-8FDC-42A3-9474-1A3956D46DE8}") = "Services", "Services", "{05464641-F82B-4BD9-81D1-D1BCB3E6AA2B}"
EndProject
Project("{2150E333-8FDC-42A3-9474-1A3956D46DE8}") = "Web", "Web", "{DDE369FF-3D72-4D46-96BE-7906063F9FAA}"
EndProject
Project("{2150E333-8FDC-42A3-9474-1A3956D46DE8}") = "Identity", "Identity", "{BC17821E-EA79-4D37-8006-6C647753F429}"
EndProject
Project("{9A19103F-16F7-4668-BE54-9A1E7A4F7556}") = "NSE.Identity.API", "src\services\NSE.Identity.API\NSE.Identity.API.csproj", "{DCACCCEB-6A02-46E3-8E66-21B89B5A7B9E}"
EndProject
Project("{2150E333-8FDC-42A3-9474-1A3956D46DE8}") = "ShoppingCart", "ShoppingCart", "{930FDAC7-6697-497C-8690-C0E9ADBA7A2A}"
EndProject
Project("{9A19103F-16F7-4668-BE54-9A1E7A4F7556}") = "NSE.ShoppingCart.API", "src\services\NSE.ShoppingCart.API\NSE.ShoppingCart.API.csproj", "{74CE045D-29DA-4EF9-AA91-FCA2D52C4263}"
EndProject
Project("{2150E333-8FDC-42A3-9474-1A3956D46DE8}") = "Catalog", "Catalog", "{3C2C0C47-4F39-443F-9EA3-6B03A342BAC3}"
EndProject
Project("{9A19103F-16F7-4668-BE54-9A1E7A4F7556}") = "NSE.Catalog.API", "src\services\NSE.Catalog.API\NSE.Catalog.API.csproj", "{589D8007-C311-42F7-8A62-1F3026C8A754}"
EndProject
Project("{2150E333-8FDC-42A3-9474-1A3956D46DE8}") = "Customers", "Customers", "{C3ECFDA9-BE8A-4173-8393-E40ECF1698F0}"
EndProject
Project("{9A19103F-16F7-4668-BE54-9A1E7A4F7556}") = "NSE.Customers.API", "src\services\NSE.Customers.API\NSE.Customers.API.csproj", "{2F4D1875-65D1-4E6F-B583-D61416F6E9CF}"
EndProject
Project("{2150E333-8FDC-42A3-9474-1A3956D46DE8}") = "Payment", "Payment", "{7FD01723-1E8A-4158-AB86-C95E7F214343}"
EndProject
Project("{9A19103F-16F7-4668-BE54-9A1E7A4F7556}") = "NSE.Payment.API", "src\services\NSE.Payment.API\NSE.Payment.API.csproj", "{4F6EACC9-4297-42B2-9DB5-F27D731D18DE}"
EndProject
Project("{2150E333-8FDC-42A3-9474-1A3956D46DE8}") = "Orders", "Orders", "{ADC8ED73-8284-4B89-8F72-D3ECF8FCAE6D}"
EndProject
Project("{9A19103F-16F7-4668-BE54-9A1E7A4F7556}") = "NSE.Orders.API", "src\services\NSE.Orders.API\NSE.Orders.API.csproj", "{9C3146D7-825C-4A36-BEDE-8152DA673D56}"
EndProject
Project("{2150E333-8FDC-42A3-9474-1A3956D46DE8}") = "MVC", "MVC", "{58A9EE88-3AF2-4D4C-B4E5-2E1A77E7B994}"
EndProject
Project("{9A19103F-16F7-4668-BE54-9A1E7A4F7556}") = "NSE.WebApp.MVC", "src\web\NSE.WebApp.MVC\NSE.WebApp.MVC.csproj", "{9755E140-C810-4B16-94D2-1A58D93FC3CA}"
EndProject
Project("{2150E333-8FDC-42A3-9474-1A3956D46DE8}") = "Core", "Core", "{505BE018-C885-41B4-AF60-00572FA43C38}"
EndProject
Project("{9A19103F-16F7-4668-BE54-9A1E7A4F7556}") = "NSE.Core", "src\building blocks\NSE.Core\NSE.Core.csproj", "{6E3ACE06-E8A3-495A-8F1E-7F38B3610DA1}"
EndProject
Project("{2150E333-8FDC-42A3-9474-1A3956D46DE8}") = "Services", "Services", "{8AEFD6B9-5390-415C-B5A0-D4748A9BD0CE}"
EndProject
Project("{9A19103F-16F7-4668-BE54-9A1E7A4F7556}") = "NSE.WebAPI.Core", "src\building blocks\NSE.WebAPI.Core\NSE.WebAPI.Core.csproj", "{64C39AC7-9F16-463D-B425-8D938694A239}"
EndProject
Project("{2150E333-8FDC-42A3-9474-1A3956D46DE8}") = "MessageBus", "MessageBus", "{3836A6D3-D765-4420-A00C-E33B797D3B29}"
EndProject
Project("{9A19103F-16F7-4668-BE54-9A1E7A4F7556}") = "NSE.MessageBus", "src\building blocks\NSE.MessageBus\NSE.MessageBus.csproj", "{28873AA6-03CC-4CBD-A6FD-2915413D7CC7}"
EndProject
Project("{2150E333-8FDC-42A3-9474-1A3956D46DE8}") = "APIGateways", "APIGateways", "{A6D83B75-9FE6-4450-9CDA-822CCF998E13}"
EndProject
Project("{2150E333-8FDC-42A3-9474-1A3956D46DE8}") = "Compras", "Compras", "{6F12EB15-6038-4C78-8A1A-D2F6A92A661C}"
EndProject
Project("{9A19103F-16F7-4668-BE54-9A1E7A4F7556}") = "NSE.Bff.Compras", "src\api gateways\NSE.Bff.Compras\NSE.Bff.Compras.csproj", "{391B2858-2C33-4955-B5A7-C35C1AA85249}"
EndProject
Project("{FAE04EC0-301F-11D3-BF4B-00C04F79EFBC}") = "NSE.Orders.Domain", "src\services\NSE.Orders.Domain\NSE.Orders.Domain.csproj", "{9105EACE-1DAF-456F-A112-29F644C898E6}"
EndProject
Global
	GlobalSection(SolutionConfigurationPlatforms) = preSolution
		Debug|Any CPU = Debug|Any CPU
		Release|Any CPU = Release|Any CPU
	EndGlobalSection
	GlobalSection(ProjectConfigurationPlatforms) = postSolution
		{DCACCCEB-6A02-46E3-8E66-21B89B5A7B9E}.Debug|Any CPU.ActiveCfg = Debug|Any CPU
		{DCACCCEB-6A02-46E3-8E66-21B89B5A7B9E}.Debug|Any CPU.Build.0 = Debug|Any CPU
		{DCACCCEB-6A02-46E3-8E66-21B89B5A7B9E}.Release|Any CPU.ActiveCfg = Release|Any CPU
		{DCACCCEB-6A02-46E3-8E66-21B89B5A7B9E}.Release|Any CPU.Build.0 = Release|Any CPU
		{74CE045D-29DA-4EF9-AA91-FCA2D52C4263}.Debug|Any CPU.ActiveCfg = Debug|Any CPU
		{74CE045D-29DA-4EF9-AA91-FCA2D52C4263}.Debug|Any CPU.Build.0 = Debug|Any CPU
		{74CE045D-29DA-4EF9-AA91-FCA2D52C4263}.Release|Any CPU.ActiveCfg = Release|Any CPU
		{74CE045D-29DA-4EF9-AA91-FCA2D52C4263}.Release|Any CPU.Build.0 = Release|Any CPU
		{589D8007-C311-42F7-8A62-1F3026C8A754}.Debug|Any CPU.ActiveCfg = Debug|Any CPU
		{589D8007-C311-42F7-8A62-1F3026C8A754}.Debug|Any CPU.Build.0 = Debug|Any CPU
		{589D8007-C311-42F7-8A62-1F3026C8A754}.Release|Any CPU.ActiveCfg = Release|Any CPU
		{589D8007-C311-42F7-8A62-1F3026C8A754}.Release|Any CPU.Build.0 = Release|Any CPU
		{2F4D1875-65D1-4E6F-B583-D61416F6E9CF}.Debug|Any CPU.ActiveCfg = Debug|Any CPU
		{2F4D1875-65D1-4E6F-B583-D61416F6E9CF}.Debug|Any CPU.Build.0 = Debug|Any CPU
		{2F4D1875-65D1-4E6F-B583-D61416F6E9CF}.Release|Any CPU.ActiveCfg = Release|Any CPU
		{2F4D1875-65D1-4E6F-B583-D61416F6E9CF}.Release|Any CPU.Build.0 = Release|Any CPU
		{4F6EACC9-4297-42B2-9DB5-F27D731D18DE}.Debug|Any CPU.ActiveCfg = Debug|Any CPU
		{4F6EACC9-4297-42B2-9DB5-F27D731D18DE}.Debug|Any CPU.Build.0 = Debug|Any CPU
		{4F6EACC9-4297-42B2-9DB5-F27D731D18DE}.Release|Any CPU.ActiveCfg = Release|Any CPU
		{4F6EACC9-4297-42B2-9DB5-F27D731D18DE}.Release|Any CPU.Build.0 = Release|Any CPU
		{9C3146D7-825C-4A36-BEDE-8152DA673D56}.Debug|Any CPU.ActiveCfg = Debug|Any CPU
		{9C3146D7-825C-4A36-BEDE-8152DA673D56}.Debug|Any CPU.Build.0 = Debug|Any CPU
		{9C3146D7-825C-4A36-BEDE-8152DA673D56}.Release|Any CPU.ActiveCfg = Release|Any CPU
		{9C3146D7-825C-4A36-BEDE-8152DA673D56}.Release|Any CPU.Build.0 = Release|Any CPU
		{9755E140-C810-4B16-94D2-1A58D93FC3CA}.Debug|Any CPU.ActiveCfg = Debug|Any CPU
		{9755E140-C810-4B16-94D2-1A58D93FC3CA}.Debug|Any CPU.Build.0 = Debug|Any CPU
		{9755E140-C810-4B16-94D2-1A58D93FC3CA}.Release|Any CPU.ActiveCfg = Release|Any CPU
		{9755E140-C810-4B16-94D2-1A58D93FC3CA}.Release|Any CPU.Build.0 = Release|Any CPU
		{6E3ACE06-E8A3-495A-8F1E-7F38B3610DA1}.Debug|Any CPU.ActiveCfg = Debug|Any CPU
		{6E3ACE06-E8A3-495A-8F1E-7F38B3610DA1}.Debug|Any CPU.Build.0 = Debug|Any CPU
		{6E3ACE06-E8A3-495A-8F1E-7F38B3610DA1}.Release|Any CPU.ActiveCfg = Release|Any CPU
		{6E3ACE06-E8A3-495A-8F1E-7F38B3610DA1}.Release|Any CPU.Build.0 = Release|Any CPU
		{64C39AC7-9F16-463D-B425-8D938694A239}.Debug|Any CPU.ActiveCfg = Debug|Any CPU
		{64C39AC7-9F16-463D-B425-8D938694A239}.Debug|Any CPU.Build.0 = Debug|Any CPU
		{64C39AC7-9F16-463D-B425-8D938694A239}.Release|Any CPU.ActiveCfg = Release|Any CPU
		{64C39AC7-9F16-463D-B425-8D938694A239}.Release|Any CPU.Build.0 = Release|Any CPU
		{28873AA6-03CC-4CBD-A6FD-2915413D7CC7}.Debug|Any CPU.ActiveCfg = Debug|Any CPU
		{28873AA6-03CC-4CBD-A6FD-2915413D7CC7}.Debug|Any CPU.Build.0 = Debug|Any CPU
		{28873AA6-03CC-4CBD-A6FD-2915413D7CC7}.Release|Any CPU.ActiveCfg = Release|Any CPU
		{28873AA6-03CC-4CBD-A6FD-2915413D7CC7}.Release|Any CPU.Build.0 = Release|Any CPU
		{391B2858-2C33-4955-B5A7-C35C1AA85249}.Debug|Any CPU.ActiveCfg = Debug|Any CPU
		{391B2858-2C33-4955-B5A7-C35C1AA85249}.Debug|Any CPU.Build.0 = Debug|Any CPU
		{391B2858-2C33-4955-B5A7-C35C1AA85249}.Release|Any CPU.ActiveCfg = Release|Any CPU
		{391B2858-2C33-4955-B5A7-C35C1AA85249}.Release|Any CPU.Build.0 = Release|Any CPU
		{9105EACE-1DAF-456F-A112-29F644C898E6}.Debug|Any CPU.ActiveCfg = Debug|Any CPU
		{9105EACE-1DAF-456F-A112-29F644C898E6}.Debug|Any CPU.Build.0 = Debug|Any CPU
		{9105EACE-1DAF-456F-A112-29F644C898E6}.Release|Any CPU.ActiveCfg = Release|Any CPU
		{9105EACE-1DAF-456F-A112-29F644C898E6}.Release|Any CPU.Build.0 = Release|Any CPU
	EndGlobalSection
	GlobalSection(SolutionProperties) = preSolution
		HideSolutionNode = FALSE
	EndGlobalSection
	GlobalSection(NestedProjects) = preSolution
		{0948EE62-7B0E-4386-B41E-AB206C22D885} = {F0024330-8EAB-49E0-946A-F8B029067D3C}
		{05464641-F82B-4BD9-81D1-D1BCB3E6AA2B} = {F0024330-8EAB-49E0-946A-F8B029067D3C}
		{DDE369FF-3D72-4D46-96BE-7906063F9FAA} = {F0024330-8EAB-49E0-946A-F8B029067D3C}
		{BC17821E-EA79-4D37-8006-6C647753F429} = {05464641-F82B-4BD9-81D1-D1BCB3E6AA2B}
		{DCACCCEB-6A02-46E3-8E66-21B89B5A7B9E} = {BC17821E-EA79-4D37-8006-6C647753F429}
		{930FDAC7-6697-497C-8690-C0E9ADBA7A2A} = {05464641-F82B-4BD9-81D1-D1BCB3E6AA2B}
		{74CE045D-29DA-4EF9-AA91-FCA2D52C4263} = {930FDAC7-6697-497C-8690-C0E9ADBA7A2A}
		{3C2C0C47-4F39-443F-9EA3-6B03A342BAC3} = {05464641-F82B-4BD9-81D1-D1BCB3E6AA2B}
		{589D8007-C311-42F7-8A62-1F3026C8A754} = {3C2C0C47-4F39-443F-9EA3-6B03A342BAC3}
		{C3ECFDA9-BE8A-4173-8393-E40ECF1698F0} = {05464641-F82B-4BD9-81D1-D1BCB3E6AA2B}
		{2F4D1875-65D1-4E6F-B583-D61416F6E9CF} = {C3ECFDA9-BE8A-4173-8393-E40ECF1698F0}
		{7FD01723-1E8A-4158-AB86-C95E7F214343} = {05464641-F82B-4BD9-81D1-D1BCB3E6AA2B}
		{4F6EACC9-4297-42B2-9DB5-F27D731D18DE} = {7FD01723-1E8A-4158-AB86-C95E7F214343}
		{ADC8ED73-8284-4B89-8F72-D3ECF8FCAE6D} = {05464641-F82B-4BD9-81D1-D1BCB3E6AA2B}
		{9C3146D7-825C-4A36-BEDE-8152DA673D56} = {ADC8ED73-8284-4B89-8F72-D3ECF8FCAE6D}
		{58A9EE88-3AF2-4D4C-B4E5-2E1A77E7B994} = {DDE369FF-3D72-4D46-96BE-7906063F9FAA}
		{9755E140-C810-4B16-94D2-1A58D93FC3CA} = {58A9EE88-3AF2-4D4C-B4E5-2E1A77E7B994}
		{505BE018-C885-41B4-AF60-00572FA43C38} = {0948EE62-7B0E-4386-B41E-AB206C22D885}
		{6E3ACE06-E8A3-495A-8F1E-7F38B3610DA1} = {505BE018-C885-41B4-AF60-00572FA43C38}
		{8AEFD6B9-5390-415C-B5A0-D4748A9BD0CE} = {0948EE62-7B0E-4386-B41E-AB206C22D885}
		{64C39AC7-9F16-463D-B425-8D938694A239} = {8AEFD6B9-5390-415C-B5A0-D4748A9BD0CE}
		{3836A6D3-D765-4420-A00C-E33B797D3B29} = {0948EE62-7B0E-4386-B41E-AB206C22D885}
		{28873AA6-03CC-4CBD-A6FD-2915413D7CC7} = {3836A6D3-D765-4420-A00C-E33B797D3B29}
		{A6D83B75-9FE6-4450-9CDA-822CCF998E13} = {F0024330-8EAB-49E0-946A-F8B029067D3C}
		{6F12EB15-6038-4C78-8A1A-D2F6A92A661C} = {A6D83B75-9FE6-4450-9CDA-822CCF998E13}
		{391B2858-2C33-4955-B5A7-C35C1AA85249} = {6F12EB15-6038-4C78-8A1A-D2F6A92A661C}
		{9105EACE-1DAF-456F-A112-29F644C898E6} = {ADC8ED73-8284-4B89-8F72-D3ECF8FCAE6D}
	EndGlobalSection
	GlobalSection(ExtensibilityGlobals) = postSolution
		SolutionGuid = {9DAAE8BB-3082-41B4-8D80-5DBEE107CC43}
	EndGlobalSection
EndGlobal
